// !$*UTF8*$!
{
	archiveVersion = 1;
	classes = {
	};
	objectVersion = 46;
	objects = {

/* Begin PBXBuildFile section */
		4600BCF21D04CD4000BF460D /* TextHWMarkViewHelper.swift in Sources */ = {isa = PBXBuildFile; fileRef = 4600BCF11D04CD4000BF460D /* TextHWMarkViewHelper.swift */; };
		4600BCF41D04E5A200BF460D /* GlobalConstants.swift in Sources */ = {isa = PBXBuildFile; fileRef = 4600BCF31D04E5A200BF460D /* GlobalConstants.swift */; };
		4600BCF91D05222300BF460D /* TextHWMarkActionsView.swift in Sources */ = {isa = PBXBuildFile; fileRef = 4600BCF81D05222300BF460D /* TextHWMarkActionsView.swift */; };
		4600BCFB1D07D44F00BF460D /* TextHWCameraViewController.swift in Sources */ = {isa = PBXBuildFile; fileRef = 4600BCFA1D07D44F00BF460D /* TextHWCameraViewController.swift */; };
		4600BCFE1D0B7DF400BF460D /* TextHWCameraImagePreviewViewController.swift in Sources */ = {isa = PBXBuildFile; fileRef = 4600BCFD1D0B7DF400BF460D /* TextHWCameraImagePreviewViewController.swift */; };
		4600BD001D0B8C4800BF460D /* AudioHWRecordViewController.swift in Sources */ = {isa = PBXBuildFile; fileRef = 4600BCFF1D0B8C4800BF460D /* AudioHWRecordViewController.swift */; };
		4600BD031D0CD0D500BF460D /* RecorderHelper.swift in Sources */ = {isa = PBXBuildFile; fileRef = 4600BD021D0CD0D500BF460D /* RecorderHelper.swift */; };
		4600BD061D0CFA9100BF460D /* DateUtility.swift in Sources */ = {isa = PBXBuildFile; fileRef = 4600BD051D0CFA9100BF460D /* DateUtility.swift */; };
		4600BD081D0D26E600BF460D /* PlayerHelper.swift in Sources */ = {isa = PBXBuildFile; fileRef = 4600BD071D0D26E600BF460D /* PlayerHelper.swift */; };
		4600BD0A1D0DE72700BF460D /* PlayingRecordItemTableViewCell.swift in Sources */ = {isa = PBXBuildFile; fileRef = 4600BD091D0DE72700BF460D /* PlayingRecordItemTableViewCell.swift */; };
		4600BD0C1D0E540A00BF460D /* RecordItemTableViewCell.swift in Sources */ = {isa = PBXBuildFile; fileRef = 4600BD0B1D0E540A00BF460D /* RecordItemTableViewCell.swift */; };
		4612AF4B1D22372500044E60 /* Auth.storyboard in Resources */ = {isa = PBXBuildFile; fileRef = 4612AF4A1D22372500044E60 /* Auth.storyboard */; };
		4612AF4E1D23803400044E60 /* Classroom.storyboard in Resources */ = {isa = PBXBuildFile; fileRef = 4612AF4D1D23803400044E60 /* Classroom.storyboard */; };
		4612AF511D23815100044E60 /* MainTabBarController.swift in Sources */ = {isa = PBXBuildFile; fileRef = 4612AF501D23815100044E60 /* MainTabBarController.swift */; };
		4612AF531D2482D100044E60 /* ClassroomViewController.swift in Sources */ = {isa = PBXBuildFile; fileRef = 4612AF521D2482D100044E60 /* ClassroomViewController.swift */; };
		4612AF561D2483A800044E60 /* MeViewController.swift in Sources */ = {isa = PBXBuildFile; fileRef = 4612AF551D2483A800044E60 /* MeViewController.swift */; };
		4612AF581D2483BC00044E60 /* Me.storyboard in Resources */ = {isa = PBXBuildFile; fileRef = 4612AF571D2483BC00044E60 /* Me.storyboard */; };
		4612AF5B1D2483F200044E60 /* Find.storyboard in Resources */ = {isa = PBXBuildFile; fileRef = 4612AF5A1D2483F200044E60 /* Find.storyboard */; };
		4612AF5D1D2483FE00044E60 /* FindViewController.swift in Sources */ = {isa = PBXBuildFile; fileRef = 4612AF5C1D2483FE00044E60 /* FindViewController.swift */; };
		4612AF601D2489DE00044E60 /* HomeViewController.swift in Sources */ = {isa = PBXBuildFile; fileRef = 4612AF5F1D2489DE00044E60 /* HomeViewController.swift */; };
		4612AF621D2489E800044E60 /* Home.storyboard in Resources */ = {isa = PBXBuildFile; fileRef = 4612AF611D2489E800044E60 /* Home.storyboard */; };
		4612AF651D24919000044E60 /* LoginViewController.swift in Sources */ = {isa = PBXBuildFile; fileRef = 4612AF641D24919000044E60 /* LoginViewController.swift */; };
		4612AF671D2497CD00044E60 /* PhoneLoginViewController.swift in Sources */ = {isa = PBXBuildFile; fileRef = 4612AF661D2497CD00044E60 /* PhoneLoginViewController.swift */; };
		4612AF691D2497E400044E60 /* PhoneRegisterViewController.swift in Sources */ = {isa = PBXBuildFile; fileRef = 4612AF681D2497E400044E60 /* PhoneRegisterViewController.swift */; };
		4612AF6B1D24982B00044E60 /* SetPasswordViewController.swift in Sources */ = {isa = PBXBuildFile; fileRef = 4612AF6A1D24982B00044E60 /* SetPasswordViewController.swift */; };
		4612AF6D1D24985B00044E60 /* ForgetPasswordViewController.swift in Sources */ = {isa = PBXBuildFile; fileRef = 4612AF6C1D24985B00044E60 /* ForgetPasswordViewController.swift */; };
		4612AF6F1D24987900044E60 /* ResetPasswordViewController.swift in Sources */ = {isa = PBXBuildFile; fileRef = 4612AF6E1D24987900044E60 /* ResetPasswordViewController.swift */; };
		4612AF711D29E5A400044E60 /* AlertHelper.swift in Sources */ = {isa = PBXBuildFile; fileRef = 4612AF701D29E5A400044E60 /* AlertHelper.swift */; };
		4612AF731D2A1FBF00044E60 /* UpdateProfileViewController.swift in Sources */ = {isa = PBXBuildFile; fileRef = 4612AF721D2A1FBF00044E60 /* UpdateProfileViewController.swift */; };
		4612AF771D2A2BDB00044E60 /* ProfileEditTableViewCell.swift in Sources */ = {isa = PBXBuildFile; fileRef = 4612AF761D2A2BDB00044E60 /* ProfileEditTableViewCell.swift */; };
		4612AF791D2B0BCC00044E60 /* UpdateAvatarViewController.swift in Sources */ = {isa = PBXBuildFile; fileRef = 4612AF781D2B0BCC00044E60 /* UpdateAvatarViewController.swift */; };
		4612AF7B1D2B4E5700044E60 /* FileHelper.swift in Sources */ = {isa = PBXBuildFile; fileRef = 4612AF7A1D2B4E5700044E60 /* FileHelper.swift */; };
		4612AF7D1D2B74AE00044E60 /* ImageHelper.swift in Sources */ = {isa = PBXBuildFile; fileRef = 4612AF7C1D2B74AE00044E60 /* ImageHelper.swift */; };
		4612AF801D2B7C1C00044E60 /* UINavigationController.swift in Sources */ = {isa = PBXBuildFile; fileRef = 4612AF7F1D2B7C1C00044E60 /* UINavigationController.swift */; };
		4612AF821D2B86AA00044E60 /* ProgressHUDHelper.swift in Sources */ = {isa = PBXBuildFile; fileRef = 4612AF811D2B86AA00044E60 /* ProgressHUDHelper.swift */; };
		4612AF841D2CD48D00044E60 /* SaveInputViewController.swift in Sources */ = {isa = PBXBuildFile; fileRef = 4612AF831D2CD48D00044E60 /* SaveInputViewController.swift */; };
		466222FB1D12387F0067F338 /* CallAPIHelper.swift in Sources */ = {isa = PBXBuildFile; fileRef = 466222FA1D12387F0067F338 /* CallAPIHelper.swift */; };
		466222FD1D123B1B0067F338 /* UserDefaultsHelper.swift in Sources */ = {isa = PBXBuildFile; fileRef = 466222FC1D123B1B0067F338 /* UserDefaultsHelper.swift */; };
		466223001D1258830067F338 /* OSSHelper.swift in Sources */ = {isa = PBXBuildFile; fileRef = 466222FF1D1258830067F338 /* OSSHelper.swift */; };
		468BBA101D2E195400C944C4 /* ProfileDisplayTableViewCell.swift in Sources */ = {isa = PBXBuildFile; fileRef = 468BBA0F1D2E195400C944C4 /* ProfileDisplayTableViewCell.swift */; };
		468BBA141D31C61B00C944C4 /* CreateClassroomViewController.swift in Sources */ = {isa = PBXBuildFile; fileRef = 468BBA131D31C61B00C944C4 /* CreateClassroomViewController.swift */; };
		468BBA161D31D0E500C944C4 /* SetClassroomNameViewController.swift in Sources */ = {isa = PBXBuildFile; fileRef = 468BBA151D31D0E500C944C4 /* SetClassroomNameViewController.swift */; };
		468BBA181D31E63300C944C4 /* ParameterTableViewCell.swift in Sources */ = {isa = PBXBuildFile; fileRef = 468BBA171D31E63300C944C4 /* ParameterTableViewCell.swift */; };
		46B67D901D4495300056EA84 /* EditTextViewController.swift in Sources */ = {isa = PBXBuildFile; fileRef = 46B67D8E1D4495300056EA84 /* EditTextViewController.swift */; };
		46B67D911D4495300056EA84 /* EditTextViewController.xib in Resources */ = {isa = PBXBuildFile; fileRef = 46B67D8F1D4495300056EA84 /* EditTextViewController.xib */; };
		46B67D941D45C5770056EA84 /* ClassroomTableViewCell.swift in Sources */ = {isa = PBXBuildFile; fileRef = 46B67D921D45C5770056EA84 /* ClassroomTableViewCell.swift */; };
		46C903D81D038619005FC496 /* AppDelegate.swift in Sources */ = {isa = PBXBuildFile; fileRef = 46C903D71D038619005FC496 /* AppDelegate.swift */; };
		46C903DA1D038619005FC496 /* ViewController.swift in Sources */ = {isa = PBXBuildFile; fileRef = 46C903D91D038619005FC496 /* ViewController.swift */; };
		46C903DD1D038619005FC496 /* Main.storyboard in Resources */ = {isa = PBXBuildFile; fileRef = 46C903DB1D038619005FC496 /* Main.storyboard */; };
		46C903DF1D038619005FC496 /* Assets.xcassets in Resources */ = {isa = PBXBuildFile; fileRef = 46C903DE1D038619005FC496 /* Assets.xcassets */; };
		46C903E21D038619005FC496 /* LaunchScreen.storyboard in Resources */ = {isa = PBXBuildFile; fileRef = 46C903E01D038619005FC496 /* LaunchScreen.storyboard */; };
		46C903ED1D03861A005FC496 /* homeworkTests.swift in Sources */ = {isa = PBXBuildFile; fileRef = 46C903EC1D03861A005FC496 /* homeworkTests.swift */; };
		46C903F81D03861A005FC496 /* homeworkUITests.swift in Sources */ = {isa = PBXBuildFile; fileRef = 46C903F71D03861A005FC496 /* homeworkUITests.swift */; };
		46C904081D03871F005FC496 /* TextHWViewController.swift in Sources */ = {isa = PBXBuildFile; fileRef = 46C904071D03871F005FC496 /* TextHWViewController.swift */; };
		46C9040A1D0387A3005FC496 /* Homework.storyboard in Resources */ = {isa = PBXBuildFile; fileRef = 46C904091D0387A3005FC496 /* Homework.storyboard */; };
		46C9040E1D0393D4005FC496 /* Podfile in Resources */ = {isa = PBXBuildFile; fileRef = 46C9040D1D0393D4005FC496 /* Podfile */; };
		46F899741D31F45200DF870C /* DescriptionTableViewCell.swift in Sources */ = {isa = PBXBuildFile; fileRef = 46F899731D31F45200DF870C /* DescriptionTableViewCell.swift */; };
		46F899761D320BA800DF870C /* SchoolTableViewCell.swift in Sources */ = {isa = PBXBuildFile; fileRef = 46F899751D320BA800DF870C /* SchoolTableViewCell.swift */; };
		46F899781D320BDC00DF870C /* SelectSchoolViewController.swift in Sources */ = {isa = PBXBuildFile; fileRef = 46F899771D320BDC00DF870C /* SelectSchoolViewController.swift */; };
		46F8997A1D32159800DF870C /* AddSchoolViewController.swift in Sources */ = {isa = PBXBuildFile; fileRef = 46F899791D32159800DF870C /* AddSchoolViewController.swift */; };
		46F8997C1D32173E00DF870C /* DescriptionTableViewCell.xib in Resources */ = {isa = PBXBuildFile; fileRef = 46F8997B1D32173E00DF870C /* DescriptionTableViewCell.xib */; };
		46F899811D32218400DF870C /* InputTableViewCell.swift in Sources */ = {isa = PBXBuildFile; fileRef = 46F8997F1D32218400DF870C /* InputTableViewCell.swift */; };
		46F899821D32218400DF870C /* InputTableViewCell.xib in Resources */ = {isa = PBXBuildFile; fileRef = 46F899801D32218400DF870C /* InputTableViewCell.xib */; };
		ED11B44D6143FAE9B7946627 /* Pods_homework.framework in Frameworks */ = {isa = PBXBuildFile; fileRef = 4AD00A1623BA7A175528BC45 /* Pods_homework.framework */; };
		F631999A7901BE4EAE86D209 /* Pods_homeworkUITests.framework in Frameworks */ = {isa = PBXBuildFile; fileRef = 33FE513E4A346D16FFD6E649 /* Pods_homeworkUITests.framework */; };
		F756BCEB10D7883DEF675ADE /* Pods_homeworkTests.framework in Frameworks */ = {isa = PBXBuildFile; fileRef = 9C3504548DA935ED75A24501 /* Pods_homeworkTests.framework */; };
/* End PBXBuildFile section */

/* Begin PBXContainerItemProxy section */
		46C903E91D03861A005FC496 /* PBXContainerItemProxy */ = {
			isa = PBXContainerItemProxy;
			containerPortal = 46C903CC1D038619005FC496 /* Project object */;
			proxyType = 1;
			remoteGlobalIDString = 46C903D31D038619005FC496;
			remoteInfo = homework;
		};
		46C903F41D03861A005FC496 /* PBXContainerItemProxy */ = {
			isa = PBXContainerItemProxy;
			containerPortal = 46C903CC1D038619005FC496 /* Project object */;
			proxyType = 1;
			remoteGlobalIDString = 46C903D31D038619005FC496;
			remoteInfo = homework;
		};
/* End PBXContainerItemProxy section */

/* Begin PBXFileReference section */
		33FE513E4A346D16FFD6E649 /* Pods_homeworkUITests.framework */ = {isa = PBXFileReference; explicitFileType = wrapper.framework; includeInIndex = 0; path = Pods_homeworkUITests.framework; sourceTree = BUILT_PRODUCTS_DIR; };
		4600BCF11D04CD4000BF460D /* TextHWMarkViewHelper.swift */ = {isa = PBXFileReference; fileEncoding = 4; lastKnownFileType = sourcecode.swift; path = TextHWMarkViewHelper.swift; sourceTree = "<group>"; };
		4600BCF31D04E5A200BF460D /* GlobalConstants.swift */ = {isa = PBXFileReference; fileEncoding = 4; lastKnownFileType = sourcecode.swift; path = GlobalConstants.swift; sourceTree = "<group>"; };
		4600BCF81D05222300BF460D /* TextHWMarkActionsView.swift */ = {isa = PBXFileReference; fileEncoding = 4; lastKnownFileType = sourcecode.swift; path = TextHWMarkActionsView.swift; sourceTree = "<group>"; };
		4600BCFA1D07D44F00BF460D /* TextHWCameraViewController.swift */ = {isa = PBXFileReference; fileEncoding = 4; lastKnownFileType = sourcecode.swift; path = TextHWCameraViewController.swift; sourceTree = "<group>"; };
		4600BCFD1D0B7DF400BF460D /* TextHWCameraImagePreviewViewController.swift */ = {isa = PBXFileReference; fileEncoding = 4; lastKnownFileType = sourcecode.swift; path = TextHWCameraImagePreviewViewController.swift; sourceTree = "<group>"; };
		4600BCFF1D0B8C4800BF460D /* AudioHWRecordViewController.swift */ = {isa = PBXFileReference; fileEncoding = 4; lastKnownFileType = sourcecode.swift; path = AudioHWRecordViewController.swift; sourceTree = "<group>"; };
		4600BD021D0CD0D500BF460D /* RecorderHelper.swift */ = {isa = PBXFileReference; fileEncoding = 4; lastKnownFileType = sourcecode.swift; path = RecorderHelper.swift; sourceTree = "<group>"; };
		4600BD051D0CFA9100BF460D /* DateUtility.swift */ = {isa = PBXFileReference; fileEncoding = 4; lastKnownFileType = sourcecode.swift; path = DateUtility.swift; sourceTree = "<group>"; };
		4600BD071D0D26E600BF460D /* PlayerHelper.swift */ = {isa = PBXFileReference; fileEncoding = 4; lastKnownFileType = sourcecode.swift; path = PlayerHelper.swift; sourceTree = "<group>"; };
		4600BD091D0DE72700BF460D /* PlayingRecordItemTableViewCell.swift */ = {isa = PBXFileReference; fileEncoding = 4; lastKnownFileType = sourcecode.swift; path = PlayingRecordItemTableViewCell.swift; sourceTree = "<group>"; };
		4600BD0B1D0E540A00BF460D /* RecordItemTableViewCell.swift */ = {isa = PBXFileReference; fileEncoding = 4; lastKnownFileType = sourcecode.swift; path = RecordItemTableViewCell.swift; sourceTree = "<group>"; };
		4612AF4A1D22372500044E60 /* Auth.storyboard */ = {isa = PBXFileReference; fileEncoding = 4; lastKnownFileType = file.storyboard; path = Auth.storyboard; sourceTree = "<group>"; };
		4612AF4D1D23803400044E60 /* Classroom.storyboard */ = {isa = PBXFileReference; fileEncoding = 4; lastKnownFileType = file.storyboard; path = Classroom.storyboard; sourceTree = "<group>"; };
		4612AF501D23815100044E60 /* MainTabBarController.swift */ = {isa = PBXFileReference; fileEncoding = 4; lastKnownFileType = sourcecode.swift; path = MainTabBarController.swift; sourceTree = "<group>"; };
		4612AF521D2482D100044E60 /* ClassroomViewController.swift */ = {isa = PBXFileReference; fileEncoding = 4; lastKnownFileType = sourcecode.swift; path = ClassroomViewController.swift; sourceTree = "<group>"; };
		4612AF551D2483A800044E60 /* MeViewController.swift */ = {isa = PBXFileReference; fileEncoding = 4; lastKnownFileType = sourcecode.swift; path = MeViewController.swift; sourceTree = "<group>"; };
		4612AF571D2483BC00044E60 /* Me.storyboard */ = {isa = PBXFileReference; fileEncoding = 4; lastKnownFileType = file.storyboard; path = Me.storyboard; sourceTree = "<group>"; };
		4612AF5A1D2483F200044E60 /* Find.storyboard */ = {isa = PBXFileReference; fileEncoding = 4; lastKnownFileType = file.storyboard; path = Find.storyboard; sourceTree = "<group>"; };
		4612AF5C1D2483FE00044E60 /* FindViewController.swift */ = {isa = PBXFileReference; fileEncoding = 4; lastKnownFileType = sourcecode.swift; path = FindViewController.swift; sourceTree = "<group>"; };
		4612AF5F1D2489DE00044E60 /* HomeViewController.swift */ = {isa = PBXFileReference; fileEncoding = 4; lastKnownFileType = sourcecode.swift; path = HomeViewController.swift; sourceTree = "<group>"; };
		4612AF611D2489E800044E60 /* Home.storyboard */ = {isa = PBXFileReference; fileEncoding = 4; lastKnownFileType = file.storyboard; path = Home.storyboard; sourceTree = "<group>"; };
		4612AF641D24919000044E60 /* LoginViewController.swift */ = {isa = PBXFileReference; fileEncoding = 4; lastKnownFileType = sourcecode.swift; path = LoginViewController.swift; sourceTree = "<group>"; };
		4612AF661D2497CD00044E60 /* PhoneLoginViewController.swift */ = {isa = PBXFileReference; fileEncoding = 4; lastKnownFileType = sourcecode.swift; path = PhoneLoginViewController.swift; sourceTree = "<group>"; };
		4612AF681D2497E400044E60 /* PhoneRegisterViewController.swift */ = {isa = PBXFileReference; fileEncoding = 4; lastKnownFileType = sourcecode.swift; path = PhoneRegisterViewController.swift; sourceTree = "<group>"; };
		4612AF6A1D24982B00044E60 /* SetPasswordViewController.swift */ = {isa = PBXFileReference; fileEncoding = 4; lastKnownFileType = sourcecode.swift; path = SetPasswordViewController.swift; sourceTree = "<group>"; };
		4612AF6C1D24985B00044E60 /* ForgetPasswordViewController.swift */ = {isa = PBXFileReference; fileEncoding = 4; lastKnownFileType = sourcecode.swift; path = ForgetPasswordViewController.swift; sourceTree = "<group>"; };
		4612AF6E1D24987900044E60 /* ResetPasswordViewController.swift */ = {isa = PBXFileReference; fileEncoding = 4; lastKnownFileType = sourcecode.swift; path = ResetPasswordViewController.swift; sourceTree = "<group>"; };
		4612AF701D29E5A400044E60 /* AlertHelper.swift */ = {isa = PBXFileReference; fileEncoding = 4; lastKnownFileType = sourcecode.swift; path = AlertHelper.swift; sourceTree = "<group>"; };
		4612AF721D2A1FBF00044E60 /* UpdateProfileViewController.swift */ = {isa = PBXFileReference; fileEncoding = 4; lastKnownFileType = sourcecode.swift; path = UpdateProfileViewController.swift; sourceTree = "<group>"; };
		4612AF761D2A2BDB00044E60 /* ProfileEditTableViewCell.swift */ = {isa = PBXFileReference; fileEncoding = 4; lastKnownFileType = sourcecode.swift; path = ProfileEditTableViewCell.swift; sourceTree = "<group>"; };
		4612AF781D2B0BCC00044E60 /* UpdateAvatarViewController.swift */ = {isa = PBXFileReference; fileEncoding = 4; lastKnownFileType = sourcecode.swift; path = UpdateAvatarViewController.swift; sourceTree = "<group>"; };
		4612AF7A1D2B4E5700044E60 /* FileHelper.swift */ = {isa = PBXFileReference; fileEncoding = 4; lastKnownFileType = sourcecode.swift; path = FileHelper.swift; sourceTree = "<group>"; };
		4612AF7C1D2B74AE00044E60 /* ImageHelper.swift */ = {isa = PBXFileReference; fileEncoding = 4; lastKnownFileType = sourcecode.swift; path = ImageHelper.swift; sourceTree = "<group>"; };
		4612AF7F1D2B7C1C00044E60 /* UINavigationController.swift */ = {isa = PBXFileReference; fileEncoding = 4; lastKnownFileType = sourcecode.swift; path = UINavigationController.swift; sourceTree = "<group>"; };
		4612AF811D2B86AA00044E60 /* ProgressHUDHelper.swift */ = {isa = PBXFileReference; fileEncoding = 4; lastKnownFileType = sourcecode.swift; path = ProgressHUDHelper.swift; sourceTree = "<group>"; };
		4612AF831D2CD48D00044E60 /* SaveInputViewController.swift */ = {isa = PBXFileReference; fileEncoding = 4; lastKnownFileType = sourcecode.swift; path = SaveInputViewController.swift; sourceTree = "<group>"; };
		46307F4C1D20ECC200A1971D /* libz.tbd */ = {isa = PBXFileReference; lastKnownFileType = "sourcecode.text-based-dylib-definition"; name = libz.tbd; path = usr/lib/libz.tbd; sourceTree = SDKROOT; };
		46307F4E1D20ECCD00A1971D /* SystemConfiguration.framework */ = {isa = PBXFileReference; lastKnownFileType = wrapper.framework; name = SystemConfiguration.framework; path = System/Library/Frameworks/SystemConfiguration.framework; sourceTree = SDKROOT; };
		46307F501D20ECDB00A1971D /* dylib1.o */ = {isa = PBXFileReference; lastKnownFileType = "compiled.mach-o.objfile"; name = dylib1.o; path = usr/lib/dylib1.o; sourceTree = SDKROOT; };
		46307F521D20ED0000A1971D /* libsqlite3.0.tbd */ = {isa = PBXFileReference; lastKnownFileType = "sourcecode.text-based-dylib-definition"; name = libsqlite3.0.tbd; path = usr/lib/libsqlite3.0.tbd; sourceTree = SDKROOT; };
		46307F541D20ED1500A1971D /* libc++.tbd */ = {isa = PBXFileReference; lastKnownFileType = "sourcecode.text-based-dylib-definition"; name = "libc++.tbd"; path = "usr/lib/libc++.tbd"; sourceTree = SDKROOT; };
		466222FA1D12387F0067F338 /* CallAPIHelper.swift */ = {isa = PBXFileReference; fileEncoding = 4; lastKnownFileType = sourcecode.swift; path = CallAPIHelper.swift; sourceTree = "<group>"; };
		466222FC1D123B1B0067F338 /* UserDefaultsHelper.swift */ = {isa = PBXFileReference; fileEncoding = 4; lastKnownFileType = sourcecode.swift; path = UserDefaultsHelper.swift; sourceTree = "<group>"; };
		466222FF1D1258830067F338 /* OSSHelper.swift */ = {isa = PBXFileReference; fileEncoding = 4; lastKnownFileType = sourcecode.swift; path = OSSHelper.swift; sourceTree = "<group>"; };
		468BBA0F1D2E195400C944C4 /* ProfileDisplayTableViewCell.swift */ = {isa = PBXFileReference; fileEncoding = 4; lastKnownFileType = sourcecode.swift; path = ProfileDisplayTableViewCell.swift; sourceTree = "<group>"; };
		468BBA131D31C61B00C944C4 /* CreateClassroomViewController.swift */ = {isa = PBXFileReference; fileEncoding = 4; lastKnownFileType = sourcecode.swift; path = CreateClassroomViewController.swift; sourceTree = "<group>"; };
		468BBA151D31D0E500C944C4 /* SetClassroomNameViewController.swift */ = {isa = PBXFileReference; fileEncoding = 4; lastKnownFileType = sourcecode.swift; path = SetClassroomNameViewController.swift; sourceTree = "<group>"; };
		468BBA171D31E63300C944C4 /* ParameterTableViewCell.swift */ = {isa = PBXFileReference; fileEncoding = 4; lastKnownFileType = sourcecode.swift; path = ParameterTableViewCell.swift; sourceTree = "<group>"; };
		46B67D8E1D4495300056EA84 /* EditTextViewController.swift */ = {isa = PBXFileReference; fileEncoding = 4; lastKnownFileType = sourcecode.swift; path = EditTextViewController.swift; sourceTree = "<group>"; };
		46B67D8F1D4495300056EA84 /* EditTextViewController.xib */ = {isa = PBXFileReference; fileEncoding = 4; lastKnownFileType = file.xib; path = EditTextViewController.xib; sourceTree = "<group>"; };
		46B67D921D45C5770056EA84 /* ClassroomTableViewCell.swift */ = {isa = PBXFileReference; fileEncoding = 4; lastKnownFileType = sourcecode.swift; path = ClassroomTableViewCell.swift; sourceTree = "<group>"; };
		46C903D41D038619005FC496 /* homework.app */ = {isa = PBXFileReference; explicitFileType = wrapper.application; includeInIndex = 0; path = homework.app; sourceTree = BUILT_PRODUCTS_DIR; };
		46C903D71D038619005FC496 /* AppDelegate.swift */ = {isa = PBXFileReference; lastKnownFileType = sourcecode.swift; path = AppDelegate.swift; sourceTree = "<group>"; };
		46C903D91D038619005FC496 /* ViewController.swift */ = {isa = PBXFileReference; lastKnownFileType = sourcecode.swift; path = ViewController.swift; sourceTree = "<group>"; };
		46C903DC1D038619005FC496 /* Base */ = {isa = PBXFileReference; lastKnownFileType = file.storyboard; name = Base; path = Base.lproj/Main.storyboard; sourceTree = "<group>"; };
		46C903DE1D038619005FC496 /* Assets.xcassets */ = {isa = PBXFileReference; lastKnownFileType = folder.assetcatalog; path = Assets.xcassets; sourceTree = "<group>"; };
		46C903E11D038619005FC496 /* Base */ = {isa = PBXFileReference; lastKnownFileType = file.storyboard; name = Base; path = Base.lproj/LaunchScreen.storyboard; sourceTree = "<group>"; };
		46C903E31D038619005FC496 /* Info.plist */ = {isa = PBXFileReference; lastKnownFileType = text.plist.xml; path = Info.plist; sourceTree = "<group>"; };
		46C903E81D03861A005FC496 /* homeworkTests.xctest */ = {isa = PBXFileReference; explicitFileType = wrapper.cfbundle; includeInIndex = 0; path = homeworkTests.xctest; sourceTree = BUILT_PRODUCTS_DIR; };
		46C903EC1D03861A005FC496 /* homeworkTests.swift */ = {isa = PBXFileReference; lastKnownFileType = sourcecode.swift; path = homeworkTests.swift; sourceTree = "<group>"; };
		46C903EE1D03861A005FC496 /* Info.plist */ = {isa = PBXFileReference; lastKnownFileType = text.plist.xml; path = Info.plist; sourceTree = "<group>"; };
		46C903F31D03861A005FC496 /* homeworkUITests.xctest */ = {isa = PBXFileReference; explicitFileType = wrapper.cfbundle; includeInIndex = 0; path = homeworkUITests.xctest; sourceTree = BUILT_PRODUCTS_DIR; };
		46C903F71D03861A005FC496 /* homeworkUITests.swift */ = {isa = PBXFileReference; lastKnownFileType = sourcecode.swift; path = homeworkUITests.swift; sourceTree = "<group>"; };
		46C903F91D03861A005FC496 /* Info.plist */ = {isa = PBXFileReference; lastKnownFileType = text.plist.xml; path = Info.plist; sourceTree = "<group>"; };
		46C904071D03871F005FC496 /* TextHWViewController.swift */ = {isa = PBXFileReference; fileEncoding = 4; lastKnownFileType = sourcecode.swift; path = TextHWViewController.swift; sourceTree = "<group>"; };
		46C904091D0387A3005FC496 /* Homework.storyboard */ = {isa = PBXFileReference; fileEncoding = 4; lastKnownFileType = file.storyboard; path = Homework.storyboard; sourceTree = "<group>"; };
		46C9040D1D0393D4005FC496 /* Podfile */ = {isa = PBXFileReference; fileEncoding = 4; lastKnownFileType = text; path = Podfile; sourceTree = "<group>"; xcLanguageSpecificationIdentifier = xcode.lang.ruby; };
		46F899731D31F45200DF870C /* DescriptionTableViewCell.swift */ = {isa = PBXFileReference; fileEncoding = 4; lastKnownFileType = sourcecode.swift; path = DescriptionTableViewCell.swift; sourceTree = "<group>"; };
		46F899751D320BA800DF870C /* SchoolTableViewCell.swift */ = {isa = PBXFileReference; fileEncoding = 4; lastKnownFileType = sourcecode.swift; path = SchoolTableViewCell.swift; sourceTree = "<group>"; };
		46F899771D320BDC00DF870C /* SelectSchoolViewController.swift */ = {isa = PBXFileReference; fileEncoding = 4; lastKnownFileType = sourcecode.swift; path = SelectSchoolViewController.swift; sourceTree = "<group>"; };
		46F899791D32159800DF870C /* AddSchoolViewController.swift */ = {isa = PBXFileReference; fileEncoding = 4; lastKnownFileType = sourcecode.swift; path = AddSchoolViewController.swift; sourceTree = "<group>"; };
		46F8997B1D32173E00DF870C /* DescriptionTableViewCell.xib */ = {isa = PBXFileReference; fileEncoding = 4; lastKnownFileType = file.xib; path = DescriptionTableViewCell.xib; sourceTree = "<group>"; };
		46F8997F1D32218400DF870C /* InputTableViewCell.swift */ = {isa = PBXFileReference; fileEncoding = 4; lastKnownFileType = sourcecode.swift; path = InputTableViewCell.swift; sourceTree = "<group>"; };
		46F899801D32218400DF870C /* InputTableViewCell.xib */ = {isa = PBXFileReference; fileEncoding = 4; lastKnownFileType = file.xib; path = InputTableViewCell.xib; sourceTree = "<group>"; };
		4AD00A1623BA7A175528BC45 /* Pods_homework.framework */ = {isa = PBXFileReference; explicitFileType = wrapper.framework; includeInIndex = 0; path = Pods_homework.framework; sourceTree = BUILT_PRODUCTS_DIR; };
		4C7BED0303C9F9FB464F17D0 /* Pods-homeworkTests.release.xcconfig */ = {isa = PBXFileReference; includeInIndex = 1; lastKnownFileType = text.xcconfig; name = "Pods-homeworkTests.release.xcconfig"; path = "Pods/Target Support Files/Pods-homeworkTests/Pods-homeworkTests.release.xcconfig"; sourceTree = "<group>"; };
		5D194A4F43ADECD7A5049F66 /* Pods-homeworkTests.debug.xcconfig */ = {isa = PBXFileReference; includeInIndex = 1; lastKnownFileType = text.xcconfig; name = "Pods-homeworkTests.debug.xcconfig"; path = "Pods/Target Support Files/Pods-homeworkTests/Pods-homeworkTests.debug.xcconfig"; sourceTree = "<group>"; };
		840DE9C47538D160FA0C5CE8 /* Pods-homeworkUITests.debug.xcconfig */ = {isa = PBXFileReference; includeInIndex = 1; lastKnownFileType = text.xcconfig; name = "Pods-homeworkUITests.debug.xcconfig"; path = "Pods/Target Support Files/Pods-homeworkUITests/Pods-homeworkUITests.debug.xcconfig"; sourceTree = "<group>"; };
		9C3504548DA935ED75A24501 /* Pods_homeworkTests.framework */ = {isa = PBXFileReference; explicitFileType = wrapper.framework; includeInIndex = 0; path = Pods_homeworkTests.framework; sourceTree = BUILT_PRODUCTS_DIR; };
		A090A20FFD4DFD36D4C2064C /* Pods-homework.release.xcconfig */ = {isa = PBXFileReference; includeInIndex = 1; lastKnownFileType = text.xcconfig; name = "Pods-homework.release.xcconfig"; path = "Pods/Target Support Files/Pods-homework/Pods-homework.release.xcconfig"; sourceTree = "<group>"; };
		EB54CFDCF240BE61E1EE614E /* Pods-homework.debug.xcconfig */ = {isa = PBXFileReference; includeInIndex = 1; lastKnownFileType = text.xcconfig; name = "Pods-homework.debug.xcconfig"; path = "Pods/Target Support Files/Pods-homework/Pods-homework.debug.xcconfig"; sourceTree = "<group>"; };
		F4FD7EF2E6EEB674EA8B9054 /* Pods-homeworkUITests.release.xcconfig */ = {isa = PBXFileReference; includeInIndex = 1; lastKnownFileType = text.xcconfig; name = "Pods-homeworkUITests.release.xcconfig"; path = "Pods/Target Support Files/Pods-homeworkUITests/Pods-homeworkUITests.release.xcconfig"; sourceTree = "<group>"; };
/* End PBXFileReference section */

/* Begin PBXFrameworksBuildPhase section */
		46C903D11D038619005FC496 /* Frameworks */ = {
			isa = PBXFrameworksBuildPhase;
			buildActionMask = 2147483647;
			files = (
				ED11B44D6143FAE9B7946627 /* Pods_homework.framework in Frameworks */,
			);
			runOnlyForDeploymentPostprocessing = 0;
		};
		46C903E51D03861A005FC496 /* Frameworks */ = {
			isa = PBXFrameworksBuildPhase;
			buildActionMask = 2147483647;
			files = (
				F756BCEB10D7883DEF675ADE /* Pods_homeworkTests.framework in Frameworks */,
			);
			runOnlyForDeploymentPostprocessing = 0;
		};
		46C903F01D03861A005FC496 /* Frameworks */ = {
			isa = PBXFrameworksBuildPhase;
			buildActionMask = 2147483647;
			files = (
				F631999A7901BE4EAE86D209 /* Pods_homeworkUITests.framework in Frameworks */,
			);
			runOnlyForDeploymentPostprocessing = 0;
		};
/* End PBXFrameworksBuildPhase section */

/* Begin PBXGroup section */
		3C219A74261505FA603E7211 /* Pods */ = {
			isa = PBXGroup;
			children = (
				EB54CFDCF240BE61E1EE614E /* Pods-homework.debug.xcconfig */,
				A090A20FFD4DFD36D4C2064C /* Pods-homework.release.xcconfig */,
				5D194A4F43ADECD7A5049F66 /* Pods-homeworkTests.debug.xcconfig */,
				4C7BED0303C9F9FB464F17D0 /* Pods-homeworkTests.release.xcconfig */,
				840DE9C47538D160FA0C5CE8 /* Pods-homeworkUITests.debug.xcconfig */,
				F4FD7EF2E6EEB674EA8B9054 /* Pods-homeworkUITests.release.xcconfig */,
			);
			name = Pods;
			sourceTree = "<group>";
		};
		4600BCF01D04CCCB00BF460D /* View */ = {
			isa = PBXGroup;
			children = (
				4600BCF11D04CD4000BF460D /* TextHWMarkViewHelper.swift */,
				4600BCF81D05222300BF460D /* TextHWMarkActionsView.swift */,
				4600BD091D0DE72700BF460D /* PlayingRecordItemTableViewCell.swift */,
				4600BD0B1D0E540A00BF460D /* RecordItemTableViewCell.swift */,
			);
			name = View;
			sourceTree = "<group>";
		};
		4600BCFC1D07D45900BF460D /* View Controller */ = {
			isa = PBXGroup;
			children = (
				46C904071D03871F005FC496 /* TextHWViewController.swift */,
				4600BCFA1D07D44F00BF460D /* TextHWCameraViewController.swift */,
				4600BCFD1D0B7DF400BF460D /* TextHWCameraImagePreviewViewController.swift */,
				4600BCFF1D0B8C4800BF460D /* AudioHWRecordViewController.swift */,
			);
			name = "View Controller";
			sourceTree = "<group>";
		};
		4600BD011D0CD0AE00BF460D /* View Model */ = {
			isa = PBXGroup;
			children = (
				4600BD021D0CD0D500BF460D /* RecorderHelper.swift */,
				4600BD071D0D26E600BF460D /* PlayerHelper.swift */,
			);
			name = "View Model";
			sourceTree = "<group>";
		};
		4612AF4C1D23777A00044E60 /* Classroom */ = {
			isa = PBXGroup;
			children = (
				4612AF4D1D23803400044E60 /* Classroom.storyboard */,
				46B67D8C1D4451780056EA84 /* Model */,
				468BBA121D31C0F800C944C4 /* Views */,
				468BBA111D31C0EC00C944C4 /* View Controllers */,
			);
			name = Classroom;
			sourceTree = "<group>";
		};
		4612AF4F1D2380E800044E60 /* Main */ = {
			isa = PBXGroup;
			children = (
				46C903DB1D038619005FC496 /* Main.storyboard */,
				4612AF501D23815100044E60 /* MainTabBarController.swift */,
			);
			name = Main;
			sourceTree = "<group>";
		};
		4612AF541D24839700044E60 /* Me */ = {
			isa = PBXGroup;
			children = (
				4612AF571D2483BC00044E60 /* Me.storyboard */,
				4612AF751D2A2BB000044E60 /* view */,
				4612AF741D2A1FC400044E60 /* View Controller */,
			);
			name = Me;
			sourceTree = "<group>";
		};
		4612AF591D2483D500044E60 /* Find */ = {
			isa = PBXGroup;
			children = (
				4612AF5A1D2483F200044E60 /* Find.storyboard */,
				4612AF5C1D2483FE00044E60 /* FindViewController.swift */,
			);
			name = Find;
			sourceTree = "<group>";
		};
		4612AF5E1D2489D100044E60 /* Home */ = {
			isa = PBXGroup;
			children = (
				4612AF5F1D2489DE00044E60 /* HomeViewController.swift */,
				4612AF611D2489E800044E60 /* Home.storyboard */,
			);
			name = Home;
			sourceTree = "<group>";
		};
		4612AF631D24918100044E60 /* View Controller */ = {
			isa = PBXGroup;
			children = (
				4612AF641D24919000044E60 /* LoginViewController.swift */,
				4612AF661D2497CD00044E60 /* PhoneLoginViewController.swift */,
				4612AF681D2497E400044E60 /* PhoneRegisterViewController.swift */,
				4612AF6A1D24982B00044E60 /* SetPasswordViewController.swift */,
				4612AF6C1D24985B00044E60 /* ForgetPasswordViewController.swift */,
				4612AF6E1D24987900044E60 /* ResetPasswordViewController.swift */,
			);
			name = "View Controller";
			sourceTree = "<group>";
		};
		4612AF741D2A1FC400044E60 /* View Controller */ = {
			isa = PBXGroup;
			children = (
				4612AF551D2483A800044E60 /* MeViewController.swift */,
				4612AF721D2A1FBF00044E60 /* UpdateProfileViewController.swift */,
				4612AF781D2B0BCC00044E60 /* UpdateAvatarViewController.swift */,
				4612AF831D2CD48D00044E60 /* SaveInputViewController.swift */,
			);
			name = "View Controller";
			sourceTree = "<group>";
		};
		4612AF751D2A2BB000044E60 /* view */ = {
			isa = PBXGroup;
			children = (
				4612AF761D2A2BDB00044E60 /* ProfileEditTableViewCell.swift */,
				468BBA0F1D2E195400C944C4 /* ProfileDisplayTableViewCell.swift */,
			);
			name = view;
			sourceTree = "<group>";
		};
		4612AF7E1D2B7BFB00044E60 /* Extensions */ = {
			isa = PBXGroup;
			children = (
				4612AF7F1D2B7C1C00044E60 /* UINavigationController.swift */,
			);
			name = Extensions;
			sourceTree = "<group>";
		};
		466222F91D12385F0067F338 /* Utility */ = {
			isa = PBXGroup;
			children = (
				46B67D8D1D4494E00056EA84 /* Views */,
				466222FE1D1258740067F338 /* Aliyun */,
				4600BD051D0CFA9100BF460D /* DateUtility.swift */,
				466222FA1D12387F0067F338 /* CallAPIHelper.swift */,
				466222FC1D123B1B0067F338 /* UserDefaultsHelper.swift */,
				4612AF701D29E5A400044E60 /* AlertHelper.swift */,
				4612AF7A1D2B4E5700044E60 /* FileHelper.swift */,
				4612AF7C1D2B74AE00044E60 /* ImageHelper.swift */,
				4612AF811D2B86AA00044E60 /* ProgressHUDHelper.swift */,
			);
			name = Utility;
			sourceTree = "<group>";
		};
		466222FE1D1258740067F338 /* Aliyun */ = {
			isa = PBXGroup;
			children = (
				466222FF1D1258830067F338 /* OSSHelper.swift */,
			);
			name = Aliyun;
			sourceTree = "<group>";
		};
		466223011D1A49BC0067F338 /* Auth */ = {
			isa = PBXGroup;
			children = (
				4612AF631D24918100044E60 /* View Controller */,
				4612AF4A1D22372500044E60 /* Auth.storyboard */,
			);
			name = Auth;
			sourceTree = "<group>";
		};
		468BBA111D31C0EC00C944C4 /* View Controllers */ = {
			isa = PBXGroup;
			children = (
				4612AF521D2482D100044E60 /* ClassroomViewController.swift */,
				468BBA131D31C61B00C944C4 /* CreateClassroomViewController.swift */,
				468BBA151D31D0E500C944C4 /* SetClassroomNameViewController.swift */,
				46F899771D320BDC00DF870C /* SelectSchoolViewController.swift */,
				46F899791D32159800DF870C /* AddSchoolViewController.swift */,
			);
			name = "View Controllers";
			sourceTree = "<group>";
		};
		468BBA121D31C0F800C944C4 /* Views */ = {
			isa = PBXGroup;
			children = (
				468BBA171D31E63300C944C4 /* ParameterTableViewCell.swift */,
				46F899731D31F45200DF870C /* DescriptionTableViewCell.swift */,
				46F899751D320BA800DF870C /* SchoolTableViewCell.swift */,
				46F8997B1D32173E00DF870C /* DescriptionTableViewCell.xib */,
				46F8997F1D32218400DF870C /* InputTableViewCell.swift */,
				46F899801D32218400DF870C /* InputTableViewCell.xib */,
				46B67D921D45C5770056EA84 /* ClassroomTableViewCell.swift */,
			);
			name = Views;
			sourceTree = "<group>";
		};
		46B67D8C1D4451780056EA84 /* Model */ = {
			isa = PBXGroup;
			children = (
			);
			name = Model;
			sourceTree = "<group>";
		};
		46B67D8D1D4494E00056EA84 /* Views */ = {
			isa = PBXGroup;
			children = (
				46B67D8E1D4495300056EA84 /* EditTextViewController.swift */,
				46B67D8F1D4495300056EA84 /* EditTextViewController.xib */,
			);
			name = Views;
			sourceTree = "<group>";
		};
		46C903CB1D038619005FC496 = {
			isa = PBXGroup;
			children = (
				46C9040D1D0393D4005FC496 /* Podfile */,
				46C903D61D038619005FC496 /* homework */,
				46C903EB1D03861A005FC496 /* homeworkTests */,
				46C903F61D03861A005FC496 /* homeworkUITests */,
				46C903D51D038619005FC496 /* Products */,
				3C219A74261505FA603E7211 /* Pods */,
				A7AFFCAF20A955B20D531EF8 /* Frameworks */,
			);
			sourceTree = "<group>";
		};
		46C903D51D038619005FC496 /* Products */ = {
			isa = PBXGroup;
			children = (
				46C903D41D038619005FC496 /* homework.app */,
				46C903E81D03861A005FC496 /* homeworkTests.xctest */,
				46C903F31D03861A005FC496 /* homeworkUITests.xctest */,
			);
			name = Products;
			sourceTree = "<group>";
		};
		46C903D61D038619005FC496 /* homework */ = {
			isa = PBXGroup;
			children = (
				46C903D71D038619005FC496 /* AppDelegate.swift */,
				4600BCF31D04E5A200BF460D /* GlobalConstants.swift */,
				4612AF5E1D2489D100044E60 /* Home */,
				4612AF591D2483D500044E60 /* Find */,
				4612AF541D24839700044E60 /* Me */,
				4612AF4F1D2380E800044E60 /* Main */,
				4612AF4C1D23777A00044E60 /* Classroom */,
				466223011D1A49BC0067F338 /* Auth */,
				466222F91D12385F0067F338 /* Utility */,
				46C904061D0386AB005FC496 /* Others */,
				46C904051D038657005FC496 /* Homework */,
				46C903DE1D038619005FC496 /* Assets.xcassets */,
			);
			path = homework;
			sourceTree = "<group>";
		};
		46C903EB1D03861A005FC496 /* homeworkTests */ = {
			isa = PBXGroup;
			children = (
				46C903EC1D03861A005FC496 /* homeworkTests.swift */,
				46C903EE1D03861A005FC496 /* Info.plist */,
			);
			path = homeworkTests;
			sourceTree = "<group>";
		};
		46C903F61D03861A005FC496 /* homeworkUITests */ = {
			isa = PBXGroup;
			children = (
				46C903F71D03861A005FC496 /* homeworkUITests.swift */,
				46C903F91D03861A005FC496 /* Info.plist */,
			);
			path = homeworkUITests;
			sourceTree = "<group>";
		};
		46C904051D038657005FC496 /* Homework */ = {
			isa = PBXGroup;
			children = (
				4600BD011D0CD0AE00BF460D /* View Model */,
				4600BCFC1D07D45900BF460D /* View Controller */,
				4600BCF01D04CCCB00BF460D /* View */,
				46C904091D0387A3005FC496 /* Homework.storyboard */,
			);
			name = Homework;
			sourceTree = "<group>";
		};
		46C904061D0386AB005FC496 /* Others */ = {
			isa = PBXGroup;
			children = (
				4612AF7E1D2B7BFB00044E60 /* Extensions */,
				46C903D91D038619005FC496 /* ViewController.swift */,
				46C903E01D038619005FC496 /* LaunchScreen.storyboard */,
				46C903E31D038619005FC496 /* Info.plist */,
			);
			name = Others;
			sourceTree = "<group>";
		};
		A7AFFCAF20A955B20D531EF8 /* Frameworks */ = {
			isa = PBXGroup;
			children = (
				46307F541D20ED1500A1971D /* libc++.tbd */,
				46307F521D20ED0000A1971D /* libsqlite3.0.tbd */,
				46307F501D20ECDB00A1971D /* dylib1.o */,
				46307F4E1D20ECCD00A1971D /* SystemConfiguration.framework */,
				46307F4C1D20ECC200A1971D /* libz.tbd */,
				4AD00A1623BA7A175528BC45 /* Pods_homework.framework */,
				9C3504548DA935ED75A24501 /* Pods_homeworkTests.framework */,
				33FE513E4A346D16FFD6E649 /* Pods_homeworkUITests.framework */,
			);
			name = Frameworks;
			sourceTree = "<group>";
		};
/* End PBXGroup section */

/* Begin PBXNativeTarget section */
		46C903D31D038619005FC496 /* homework */ = {
			isa = PBXNativeTarget;
			buildConfigurationList = 46C903FC1D03861A005FC496 /* Build configuration list for PBXNativeTarget "homework" */;
			buildPhases = (
				E8B55A243C130EF1133A98FE /* [CP] Check Pods Manifest.lock */,
				46C903D01D038619005FC496 /* Sources */,
				46C903D11D038619005FC496 /* Frameworks */,
				46C903D21D038619005FC496 /* Resources */,
				DF876A9E9416B8DCA6C9296B /* [CP] Embed Pods Frameworks */,
				A69D3D323431A28F1365B854 /* [CP] Copy Pods Resources */,
			);
			buildRules = (
			);
			dependencies = (
			);
			name = homework;
			productName = homework;
			productReference = 46C903D41D038619005FC496 /* homework.app */;
			productType = "com.apple.product-type.application";
		};
		46C903E71D03861A005FC496 /* homeworkTests */ = {
			isa = PBXNativeTarget;
			buildConfigurationList = 46C903FF1D03861A005FC496 /* Build configuration list for PBXNativeTarget "homeworkTests" */;
			buildPhases = (
				B5BF4949BA846C3BB9893C53 /* [CP] Check Pods Manifest.lock */,
				46C903E41D03861A005FC496 /* Sources */,
				46C903E51D03861A005FC496 /* Frameworks */,
				46C903E61D03861A005FC496 /* Resources */,
				8AF29BC4D6E89F3E2F922C37 /* [CP] Embed Pods Frameworks */,
				780A00956D08AE4C83A34594 /* [CP] Copy Pods Resources */,
			);
			buildRules = (
			);
			dependencies = (
				46C903EA1D03861A005FC496 /* PBXTargetDependency */,
			);
			name = homeworkTests;
			productName = homeworkTests;
			productReference = 46C903E81D03861A005FC496 /* homeworkTests.xctest */;
			productType = "com.apple.product-type.bundle.unit-test";
		};
		46C903F21D03861A005FC496 /* homeworkUITests */ = {
			isa = PBXNativeTarget;
			buildConfigurationList = 46C904021D03861A005FC496 /* Build configuration list for PBXNativeTarget "homeworkUITests" */;
			buildPhases = (
				9F9D2DB9F68B6A97C0AFC837 /* [CP] Check Pods Manifest.lock */,
				46C903EF1D03861A005FC496 /* Sources */,
				46C903F01D03861A005FC496 /* Frameworks */,
				46C903F11D03861A005FC496 /* Resources */,
				935ECB95858ABFFC8F20541B /* [CP] Copy Pods Resources */,
			);
			buildRules = (
			);
			dependencies = (
				46C903F51D03861A005FC496 /* PBXTargetDependency */,
			);
			name = homeworkUITests;
			productName = homeworkUITests;
			productReference = 46C903F31D03861A005FC496 /* homeworkUITests.xctest */;
			productType = "com.apple.product-type.bundle.ui-testing";
		};
/* End PBXNativeTarget section */

/* Begin PBXProject section */
		46C903CC1D038619005FC496 /* Project object */ = {
			isa = PBXProject;
			attributes = {
				LastSwiftUpdateCheck = 0730;
				LastUpgradeCheck = 0730;
				ORGANIZATIONNAME = naitianliu;
				TargetAttributes = {
					46C903D31D038619005FC496 = {
						CreatedOnToolsVersion = 7.3.1;
					};
					46C903E71D03861A005FC496 = {
						CreatedOnToolsVersion = 7.3.1;
						TestTargetID = 46C903D31D038619005FC496;
					};
					46C903F21D03861A005FC496 = {
						CreatedOnToolsVersion = 7.3.1;
						TestTargetID = 46C903D31D038619005FC496;
					};
				};
			};
			buildConfigurationList = 46C903CF1D038619005FC496 /* Build configuration list for PBXProject "homework" */;
			compatibilityVersion = "Xcode 3.2";
			developmentRegion = English;
			hasScannedForEncodings = 0;
			knownRegions = (
				en,
				Base,
			);
			mainGroup = 46C903CB1D038619005FC496;
			productRefGroup = 46C903D51D038619005FC496 /* Products */;
			projectDirPath = "";
			projectRoot = "";
			targets = (
				46C903D31D038619005FC496 /* homework */,
				46C903E71D03861A005FC496 /* homeworkTests */,
				46C903F21D03861A005FC496 /* homeworkUITests */,
			);
		};
/* End PBXProject section */

/* Begin PBXResourcesBuildPhase section */
		46C903D21D038619005FC496 /* Resources */ = {
			isa = PBXResourcesBuildPhase;
			buildActionMask = 2147483647;
			files = (
				4612AF4B1D22372500044E60 /* Auth.storyboard in Resources */,
				4612AF621D2489E800044E60 /* Home.storyboard in Resources */,
				46C9040E1D0393D4005FC496 /* Podfile in Resources */,
				46F8997C1D32173E00DF870C /* DescriptionTableViewCell.xib in Resources */,
				46C903E21D038619005FC496 /* LaunchScreen.storyboard in Resources */,
				46B67D911D4495300056EA84 /* EditTextViewController.xib in Resources */,
				46C903DF1D038619005FC496 /* Assets.xcassets in Resources */,
				46C9040A1D0387A3005FC496 /* Homework.storyboard in Resources */,
				4612AF4E1D23803400044E60 /* Classroom.storyboard in Resources */,
				4612AF581D2483BC00044E60 /* Me.storyboard in Resources */,
				46C903DD1D038619005FC496 /* Main.storyboard in Resources */,
				46F899821D32218400DF870C /* InputTableViewCell.xib in Resources */,
				4612AF5B1D2483F200044E60 /* Find.storyboard in Resources */,
			);
			runOnlyForDeploymentPostprocessing = 0;
		};
		46C903E61D03861A005FC496 /* Resources */ = {
			isa = PBXResourcesBuildPhase;
			buildActionMask = 2147483647;
			files = (
			);
			runOnlyForDeploymentPostprocessing = 0;
		};
		46C903F11D03861A005FC496 /* Resources */ = {
			isa = PBXResourcesBuildPhase;
			buildActionMask = 2147483647;
			files = (
			);
			runOnlyForDeploymentPostprocessing = 0;
		};
/* End PBXResourcesBuildPhase section */

/* Begin PBXShellScriptBuildPhase section */
		780A00956D08AE4C83A34594 /* [CP] Copy Pods Resources */ = {
			isa = PBXShellScriptBuildPhase;
			buildActionMask = 2147483647;
			files = (
			);
			inputPaths = (
			);
			name = "[CP] Copy Pods Resources";
			outputPaths = (
			);
			runOnlyForDeploymentPostprocessing = 0;
			shellPath = /bin/sh;
			shellScript = "\"${SRCROOT}/Pods/Target Support Files/Pods-homeworkTests/Pods-homeworkTests-resources.sh\"\n";
			showEnvVarsInLog = 0;
		};
		8AF29BC4D6E89F3E2F922C37 /* [CP] Embed Pods Frameworks */ = {
			isa = PBXShellScriptBuildPhase;
			buildActionMask = 2147483647;
			files = (
			);
			inputPaths = (
			);
			name = "[CP] Embed Pods Frameworks";
			outputPaths = (
			);
			runOnlyForDeploymentPostprocessing = 0;
			shellPath = /bin/sh;
			shellScript = "\"${SRCROOT}/Pods/Target Support Files/Pods-homeworkTests/Pods-homeworkTests-frameworks.sh\"\n";
			showEnvVarsInLog = 0;
		};
		935ECB95858ABFFC8F20541B /* [CP] Copy Pods Resources */ = {
			isa = PBXShellScriptBuildPhase;
			buildActionMask = 2147483647;
			files = (
			);
			inputPaths = (
			);
			name = "[CP] Copy Pods Resources";
			outputPaths = (
			);
			runOnlyForDeploymentPostprocessing = 0;
			shellPath = /bin/sh;
			shellScript = "\"${SRCROOT}/Pods/Target Support Files/Pods-homeworkUITests/Pods-homeworkUITests-resources.sh\"\n";
			showEnvVarsInLog = 0;
		};
		9F9D2DB9F68B6A97C0AFC837 /* [CP] Check Pods Manifest.lock */ = {
			isa = PBXShellScriptBuildPhase;
			buildActionMask = 2147483647;
			files = (
			);
			inputPaths = (
			);
			name = "[CP] Check Pods Manifest.lock";
			outputPaths = (
			);
			runOnlyForDeploymentPostprocessing = 0;
			shellPath = /bin/sh;
			shellScript = "diff \"${PODS_ROOT}/../Podfile.lock\" \"${PODS_ROOT}/Manifest.lock\" > /dev/null\nif [[ $? != 0 ]] ; then\n    cat << EOM\nerror: The sandbox is not in sync with the Podfile.lock. Run 'pod install' or update your CocoaPods installation.\nEOM\n    exit 1\nfi\n";
			showEnvVarsInLog = 0;
		};
		A69D3D323431A28F1365B854 /* [CP] Copy Pods Resources */ = {
			isa = PBXShellScriptBuildPhase;
			buildActionMask = 2147483647;
			files = (
			);
			inputPaths = (
			);
			name = "[CP] Copy Pods Resources";
			outputPaths = (
			);
			runOnlyForDeploymentPostprocessing = 0;
			shellPath = /bin/sh;
			shellScript = "\"${SRCROOT}/Pods/Target Support Files/Pods-homework/Pods-homework-resources.sh\"\n";
			showEnvVarsInLog = 0;
		};
		B5BF4949BA846C3BB9893C53 /* [CP] Check Pods Manifest.lock */ = {
			isa = PBXShellScriptBuildPhase;
			buildActionMask = 2147483647;
			files = (
			);
			inputPaths = (
			);
			name = "[CP] Check Pods Manifest.lock";
			outputPaths = (
			);
			runOnlyForDeploymentPostprocessing = 0;
			shellPath = /bin/sh;
			shellScript = "diff \"${PODS_ROOT}/../Podfile.lock\" \"${PODS_ROOT}/Manifest.lock\" > /dev/null\nif [[ $? != 0 ]] ; then\n    cat << EOM\nerror: The sandbox is not in sync with the Podfile.lock. Run 'pod install' or update your CocoaPods installation.\nEOM\n    exit 1\nfi\n";
			showEnvVarsInLog = 0;
		};
		DF876A9E9416B8DCA6C9296B /* [CP] Embed Pods Frameworks */ = {
			isa = PBXShellScriptBuildPhase;
			buildActionMask = 2147483647;
			files = (
			);
			inputPaths = (
			);
			name = "[CP] Embed Pods Frameworks";
			outputPaths = (
			);
			runOnlyForDeploymentPostprocessing = 0;
			shellPath = /bin/sh;
			shellScript = "\"${SRCROOT}/Pods/Target Support Files/Pods-homework/Pods-homework-frameworks.sh\"\n";
			showEnvVarsInLog = 0;
		};
		E8B55A243C130EF1133A98FE /* [CP] Check Pods Manifest.lock */ = {
			isa = PBXShellScriptBuildPhase;
			buildActionMask = 2147483647;
			files = (
			);
			inputPaths = (
			);
			name = "[CP] Check Pods Manifest.lock";
			outputPaths = (
			);
			runOnlyForDeploymentPostprocessing = 0;
			shellPath = /bin/sh;
			shellScript = "diff \"${PODS_ROOT}/../Podfile.lock\" \"${PODS_ROOT}/Manifest.lock\" > /dev/null\nif [[ $? != 0 ]] ; then\n    cat << EOM\nerror: The sandbox is not in sync with the Podfile.lock. Run 'pod install' or update your CocoaPods installation.\nEOM\n    exit 1\nfi\n";
			showEnvVarsInLog = 0;
		};
/* End PBXShellScriptBuildPhase section */

/* Begin PBXSourcesBuildPhase section */
		46C903D01D038619005FC496 /* Sources */ = {
			isa = PBXSourcesBuildPhase;
			buildActionMask = 2147483647;
			files = (
				46F899781D320BDC00DF870C /* SelectSchoolViewController.swift in Sources */,
				4612AF531D2482D100044E60 /* ClassroomViewController.swift in Sources */,
				46B67D901D4495300056EA84 /* EditTextViewController.swift in Sources */,
				4600BCFE1D0B7DF400BF460D /* TextHWCameraImagePreviewViewController.swift in Sources */,
				4600BD0A1D0DE72700BF460D /* PlayingRecordItemTableViewCell.swift in Sources */,
				4612AF671D2497CD00044E60 /* PhoneLoginViewController.swift in Sources */,
				4612AF651D24919000044E60 /* LoginViewController.swift in Sources */,
				4612AF511D23815100044E60 /* MainTabBarController.swift in Sources */,
				4612AF801D2B7C1C00044E60 /* UINavigationController.swift in Sources */,
				4600BCFB1D07D44F00BF460D /* TextHWCameraViewController.swift in Sources */,
				4612AF5D1D2483FE00044E60 /* FindViewController.swift in Sources */,
				4600BD061D0CFA9100BF460D /* DateUtility.swift in Sources */,
				4612AF601D2489DE00044E60 /* HomeViewController.swift in Sources */,
				46C903DA1D038619005FC496 /* ViewController.swift in Sources */,
				4600BD0C1D0E540A00BF460D /* RecordItemTableViewCell.swift in Sources */,
				4612AF6B1D24982B00044E60 /* SetPasswordViewController.swift in Sources */,
				46C904081D03871F005FC496 /* TextHWViewController.swift in Sources */,
				466222FB1D12387F0067F338 /* CallAPIHelper.swift in Sources */,
				4612AF711D29E5A400044E60 /* AlertHelper.swift in Sources */,
				4612AF561D2483A800044E60 /* MeViewController.swift in Sources */,
				4612AF841D2CD48D00044E60 /* SaveInputViewController.swift in Sources */,
				4600BD001D0B8C4800BF460D /* AudioHWRecordViewController.swift in Sources */,
				4600BCF41D04E5A200BF460D /* GlobalConstants.swift in Sources */,
				46F899761D320BA800DF870C /* SchoolTableViewCell.swift in Sources */,
				466222FD1D123B1B0067F338 /* UserDefaultsHelper.swift in Sources */,
				46C903D81D038619005FC496 /* AppDelegate.swift in Sources */,
				4600BD031D0CD0D500BF460D /* RecorderHelper.swift in Sources */,
				4612AF771D2A2BDB00044E60 /* ProfileEditTableViewCell.swift in Sources */,
				466223001D1258830067F338 /* OSSHelper.swift in Sources */,
				468BBA101D2E195400C944C4 /* ProfileDisplayTableViewCell.swift in Sources */,
				46F8997A1D32159800DF870C /* AddSchoolViewController.swift in Sources */,
				468BBA141D31C61B00C944C4 /* CreateClassroomViewController.swift in Sources */,
				4612AF791D2B0BCC00044E60 /* UpdateAvatarViewController.swift in Sources */,
				4612AF6D1D24985B00044E60 /* ForgetPasswordViewController.swift in Sources */,
				468BBA161D31D0E500C944C4 /* SetClassroomNameViewController.swift in Sources */,
				468BBA181D31E63300C944C4 /* ParameterTableViewCell.swift in Sources */,
				4612AF7B1D2B4E5700044E60 /* FileHelper.swift in Sources */,
				4600BCF21D04CD4000BF460D /* TextHWMarkViewHelper.swift in Sources */,
				4612AF691D2497E400044E60 /* PhoneRegisterViewController.swift in Sources */,
				4600BD081D0D26E600BF460D /* PlayerHelper.swift in Sources */,
				4612AF731D2A1FBF00044E60 /* UpdateProfileViewController.swift in Sources */,
				4612AF821D2B86AA00044E60 /* ProgressHUDHelper.swift in Sources */,
				4600BCF91D05222300BF460D /* TextHWMarkActionsView.swift in Sources */,
				46F899811D32218400DF870C /* InputTableViewCell.swift in Sources */,
				4612AF6F1D24987900044E60 /* ResetPasswordViewController.swift in Sources */,
				46B67D941D45C5770056EA84 /* ClassroomTableViewCell.swift in Sources */,
				46F899741D31F45200DF870C /* DescriptionTableViewCell.swift in Sources */,
				4612AF7D1D2B74AE00044E60 /* ImageHelper.swift in Sources */,
			);
			runOnlyForDeploymentPostprocessing = 0;
		};
		46C903E41D03861A005FC496 /* Sources */ = {
			isa = PBXSourcesBuildPhase;
			buildActionMask = 2147483647;
			files = (
				46C903ED1D03861A005FC496 /* homeworkTests.swift in Sources */,
			);
			runOnlyForDeploymentPostprocessing = 0;
		};
		46C903EF1D03861A005FC496 /* Sources */ = {
			isa = PBXSourcesBuildPhase;
			buildActionMask = 2147483647;
			files = (
				46C903F81D03861A005FC496 /* homeworkUITests.swift in Sources */,
			);
			runOnlyForDeploymentPostprocessing = 0;
		};
/* End PBXSourcesBuildPhase section */

/* Begin PBXTargetDependency section */
		46C903EA1D03861A005FC496 /* PBXTargetDependency */ = {
			isa = PBXTargetDependency;
			target = 46C903D31D038619005FC496 /* homework */;
			targetProxy = 46C903E91D03861A005FC496 /* PBXContainerItemProxy */;
		};
		46C903F51D03861A005FC496 /* PBXTargetDependency */ = {
			isa = PBXTargetDependency;
			target = 46C903D31D038619005FC496 /* homework */;
			targetProxy = 46C903F41D03861A005FC496 /* PBXContainerItemProxy */;
		};
/* End PBXTargetDependency section */

/* Begin PBXVariantGroup section */
		46C903DB1D038619005FC496 /* Main.storyboard */ = {
			isa = PBXVariantGroup;
			children = (
				46C903DC1D038619005FC496 /* Base */,
			);
			name = Main.storyboard;
			sourceTree = "<group>";
		};
		46C903E01D038619005FC496 /* LaunchScreen.storyboard */ = {
			isa = PBXVariantGroup;
			children = (
				46C903E11D038619005FC496 /* Base */,
			);
			name = LaunchScreen.storyboard;
			sourceTree = "<group>";
		};
/* End PBXVariantGroup section */

/* Begin XCBuildConfiguration section */
		46C903FA1D03861A005FC496 /* Debug */ = {
			isa = XCBuildConfiguration;
			buildSettings = {
				ALWAYS_SEARCH_USER_PATHS = NO;
				CLANG_ANALYZER_NONNULL = YES;
				CLANG_CXX_LANGUAGE_STANDARD = "gnu++0x";
				CLANG_CXX_LIBRARY = "libc++";
				CLANG_ENABLE_MODULES = YES;
				CLANG_ENABLE_OBJC_ARC = YES;
				CLANG_WARN_BOOL_CONVERSION = YES;
				CLANG_WARN_CONSTANT_CONVERSION = YES;
				CLANG_WARN_DIRECT_OBJC_ISA_USAGE = YES_ERROR;
				CLANG_WARN_EMPTY_BODY = YES;
				CLANG_WARN_ENUM_CONVERSION = YES;
				CLANG_WARN_INT_CONVERSION = YES;
				CLANG_WARN_OBJC_ROOT_CLASS = YES_ERROR;
				CLANG_WARN_UNREACHABLE_CODE = YES;
				CLANG_WARN__DUPLICATE_METHOD_MATCH = YES;
				"CODE_SIGN_IDENTITY[sdk=iphoneos*]" = "iPhone Developer";
				COPY_PHASE_STRIP = NO;
				DEBUG_INFORMATION_FORMAT = dwarf;
				ENABLE_STRICT_OBJC_MSGSEND = YES;
				ENABLE_TESTABILITY = YES;
				GCC_C_LANGUAGE_STANDARD = gnu99;
				GCC_DYNAMIC_NO_PIC = NO;
				GCC_NO_COMMON_BLOCKS = YES;
				GCC_OPTIMIZATION_LEVEL = 0;
				GCC_PREPROCESSOR_DEFINITIONS = (
					"DEBUG=1",
					"$(inherited)",
				);
				GCC_WARN_64_TO_32_BIT_CONVERSION = YES;
				GCC_WARN_ABOUT_RETURN_TYPE = YES_ERROR;
				GCC_WARN_UNDECLARED_SELECTOR = YES;
				GCC_WARN_UNINITIALIZED_AUTOS = YES_AGGRESSIVE;
				GCC_WARN_UNUSED_FUNCTION = YES;
				GCC_WARN_UNUSED_VARIABLE = YES;
				IPHONEOS_DEPLOYMENT_TARGET = 9.3;
				MTL_ENABLE_DEBUG_INFO = YES;
				ONLY_ACTIVE_ARCH = YES;
				SDKROOT = iphoneos;
				SWIFT_OPTIMIZATION_LEVEL = "-Onone";
			};
			name = Debug;
		};
		46C903FB1D03861A005FC496 /* Release */ = {
			isa = XCBuildConfiguration;
			buildSettings = {
				ALWAYS_SEARCH_USER_PATHS = NO;
				CLANG_ANALYZER_NONNULL = YES;
				CLANG_CXX_LANGUAGE_STANDARD = "gnu++0x";
				CLANG_CXX_LIBRARY = "libc++";
				CLANG_ENABLE_MODULES = YES;
				CLANG_ENABLE_OBJC_ARC = YES;
				CLANG_WARN_BOOL_CONVERSION = YES;
				CLANG_WARN_CONSTANT_CONVERSION = YES;
				CLANG_WARN_DIRECT_OBJC_ISA_USAGE = YES_ERROR;
				CLANG_WARN_EMPTY_BODY = YES;
				CLANG_WARN_ENUM_CONVERSION = YES;
				CLANG_WARN_INT_CONVERSION = YES;
				CLANG_WARN_OBJC_ROOT_CLASS = YES_ERROR;
				CLANG_WARN_UNREACHABLE_CODE = YES;
				CLANG_WARN__DUPLICATE_METHOD_MATCH = YES;
				"CODE_SIGN_IDENTITY[sdk=iphoneos*]" = "iPhone Developer";
				COPY_PHASE_STRIP = NO;
				DEBUG_INFORMATION_FORMAT = "dwarf-with-dsym";
				ENABLE_NS_ASSERTIONS = NO;
				ENABLE_STRICT_OBJC_MSGSEND = YES;
				GCC_C_LANGUAGE_STANDARD = gnu99;
				GCC_NO_COMMON_BLOCKS = YES;
				GCC_WARN_64_TO_32_BIT_CONVERSION = YES;
				GCC_WARN_ABOUT_RETURN_TYPE = YES_ERROR;
				GCC_WARN_UNDECLARED_SELECTOR = YES;
				GCC_WARN_UNINITIALIZED_AUTOS = YES_AGGRESSIVE;
				GCC_WARN_UNUSED_FUNCTION = YES;
				GCC_WARN_UNUSED_VARIABLE = YES;
				IPHONEOS_DEPLOYMENT_TARGET = 9.3;
				MTL_ENABLE_DEBUG_INFO = NO;
				SDKROOT = iphoneos;
				VALIDATE_PRODUCT = YES;
			};
			name = Release;
		};
		46C903FD1D03861A005FC496 /* Debug */ = {
			isa = XCBuildConfiguration;
			baseConfigurationReference = EB54CFDCF240BE61E1EE614E /* Pods-homework.debug.xcconfig */;
			buildSettings = {
				ASSETCATALOG_COMPILER_APPICON_NAME = AppIcon;
				INFOPLIST_FILE = homework/Info.plist;
				LD_RUNPATH_SEARCH_PATHS = "$(inherited) @executable_path/Frameworks";
				LIBRARY_SEARCH_PATHS = (
					"$(inherited)",
					"$(PROJECT_DIR)/homework",
				);
				PRODUCT_BUNDLE_IDENTIFIER = com.naitianliu.homework;
				PRODUCT_NAME = "$(TARGET_NAME)";
			};
			name = Debug;
		};
		46C903FE1D03861A005FC496 /* Release */ = {
			isa = XCBuildConfiguration;
			baseConfigurationReference = A090A20FFD4DFD36D4C2064C /* Pods-homework.release.xcconfig */;
			buildSettings = {
				ASSETCATALOG_COMPILER_APPICON_NAME = AppIcon;
				INFOPLIST_FILE = homework/Info.plist;
				LD_RUNPATH_SEARCH_PATHS = "$(inherited) @executable_path/Frameworks";
				LIBRARY_SEARCH_PATHS = (
					"$(inherited)",
					"$(PROJECT_DIR)/homework",
				);
				PRODUCT_BUNDLE_IDENTIFIER = com.naitianliu.homework;
				PRODUCT_NAME = "$(TARGET_NAME)";
			};
			name = Release;
		};
		46C904001D03861A005FC496 /* Debug */ = {
			isa = XCBuildConfiguration;
			baseConfigurationReference = 5D194A4F43ADECD7A5049F66 /* Pods-homeworkTests.debug.xcconfig */;
			buildSettings = {
				BUNDLE_LOADER = "$(TEST_HOST)";
				INFOPLIST_FILE = homeworkTests/Info.plist;
				LD_RUNPATH_SEARCH_PATHS = "$(inherited) @executable_path/Frameworks @loader_path/Frameworks";
				PRODUCT_BUNDLE_IDENTIFIER = com.naitianliu.homeworkTests;
				PRODUCT_NAME = "$(TARGET_NAME)";
				TEST_HOST = "$(BUILT_PRODUCTS_DIR)/homework.app/homework";
			};
			name = Debug;
		};
		46C904011D03861A005FC496 /* Release */ = {
			isa = XCBuildConfiguration;
			baseConfigurationReference = 4C7BED0303C9F9FB464F17D0 /* Pods-homeworkTests.release.xcconfig */;
			buildSettings = {
				BUNDLE_LOADER = "$(TEST_HOST)";
				INFOPLIST_FILE = homeworkTests/Info.plist;
				LD_RUNPATH_SEARCH_PATHS = "$(inherited) @executable_path/Frameworks @loader_path/Frameworks";
				PRODUCT_BUNDLE_IDENTIFIER = com.naitianliu.homeworkTests;
				PRODUCT_NAME = "$(TARGET_NAME)";
				TEST_HOST = "$(BUILT_PRODUCTS_DIR)/homework.app/homework";
			};
			name = Release;
		};
		46C904031D03861A005FC496 /* Debug */ = {
			isa = XCBuildConfiguration;
			baseConfigurationReference = 840DE9C47538D160FA0C5CE8 /* Pods-homeworkUITests.debug.xcconfig */;
			buildSettings = {
				INFOPLIST_FILE = homeworkUITests/Info.plist;
				LD_RUNPATH_SEARCH_PATHS = "$(inherited) @executable_path/Frameworks @loader_path/Frameworks";
				PRODUCT_BUNDLE_IDENTIFIER = com.naitianliu.homeworkUITests;
				PRODUCT_NAME = "$(TARGET_NAME)";
				TEST_TARGET_NAME = homework;
			};
			name = Debug;
		};
		46C904041D03861A005FC496 /* Release */ = {
			isa = XCBuildConfiguration;
			baseConfigurationReference = F4FD7EF2E6EEB674EA8B9054 /* Pods-homeworkUITests.release.xcconfig */;
			buildSettings = {
				INFOPLIST_FILE = homeworkUITests/Info.plist;
				LD_RUNPATH_SEARCH_PATHS = "$(inherited) @executable_path/Frameworks @loader_path/Frameworks";
				PRODUCT_BUNDLE_IDENTIFIER = com.naitianliu.homeworkUITests;
				PRODUCT_NAME = "$(TARGET_NAME)";
				TEST_TARGET_NAME = homework;
			};
			name = Release;
		};
/* End XCBuildConfiguration section */

/* Begin XCConfigurationList section */
		46C903CF1D038619005FC496 /* Build configuration list for PBXProject "homework" */ = {
			isa = XCConfigurationList;
			buildConfigurations = (
				46C903FA1D03861A005FC496 /* Debug */,
				46C903FB1D03861A005FC496 /* Release */,
			);
			defaultConfigurationIsVisible = 0;
			defaultConfigurationName = Release;
		};
		46C903FC1D03861A005FC496 /* Build configuration list for PBXNativeTarget "homework" */ = {
			isa = XCConfigurationList;
			buildConfigurations = (
				46C903FD1D03861A005FC496 /* Debug */,
				46C903FE1D03861A005FC496 /* Release */,
			);
			defaultConfigurationIsVisible = 0;
			defaultConfigurationName = Release;
		};
		46C903FF1D03861A005FC496 /* Build configuration list for PBXNativeTarget "homeworkTests" */ = {
			isa = XCConfigurationList;
			buildConfigurations = (
				46C904001D03861A005FC496 /* Debug */,
				46C904011D03861A005FC496 /* Release */,
			);
			defaultConfigurationIsVisible = 0;
			defaultConfigurationName = Release;
		};
		46C904021D03861A005FC496 /* Build configuration list for PBXNativeTarget "homeworkUITests" */ = {
			isa = XCConfigurationList;
			buildConfigurations = (
				46C904031D03861A005FC496 /* Debug */,
				46C904041D03861A005FC496 /* Release */,
			);
			defaultConfigurationIsVisible = 0;
			defaultConfigurationName = Release;
		};
/* End XCConfigurationList section */
	};
	rootObject = 46C903CC1D038619005FC496 /* Project object */;
}
